github.com/tetratelabs/wazero v1.11.1-0.20260428013916-2bbd517b7633 h1:6GN/lazdqr69FIzz1U6c4TF/ppE2dInMR4GzU9QKxjg=
github.com/tetratelabs/wazero v1.11.1-0.20260428013916-2bbd517b7633/go.mod h1:3ghOSSWYnzX0zd/3Ns4ni2tKxcXDE9/QgkwuH1PW3Rs=
golang.org/x/sys v0.43.0 h1:Rlag2XtaFTxp19wS8MXlJwTvoh8ArU6ezoyFsMyCTNI=
golang.org/x/sys v0.43.0/go.mod h1:4GL1E5IUh+htKOUEOaiffhrAeqysfVGipDYzABqnCmw=
